
Microsoft Visual Studio Solution File, Format Version 12.00
# Visual Studio Version 16
VisualStudioVersion = 16.0.32630.194
MinimumVisualStudioVersion = 10.0.40219.1
Project("{FAE04EC0-301F-11D3-BF4B-00C04F79EFBC}") = "CW_08", "CW_08\CW_08.csproj", "{3B6079A2-3397-4E43-B1FB-6257058331E3}"
EndProject
Global
	GlobalSection(SolutionConfigurationPlatforms) = preSolution
		Debug|Any CPU = Debug|Any CPU
		Release|Any CPU = Release|Any CPU
	EndGlobalSection
	GlobalSection(ProjectConfigurationPlatforms) = postSolution
		{3B6079A2-3397-4E43-B1FB-6257058331E3}.Debug|Any CPU.ActiveCfg = Debug|Any CPU
		{3B6079A2-3397-4E43-B1FB-6257058331E3}.Debug|Any CPU.Build.0 = Debug|Any CPU
		{3B6079A2-3397-4E43-B1FB-6257058331E3}.Release|Any CPU.ActiveCfg = Release|Any CPU
		{3B6079A2-3397-4E43-B1FB-6257058331E3}.Release|Any CPU.Build.0 = Release|Any CPU
	EndGlobalSection
	GlobalSection(SolutionProperties) = preSolution
		HideSolutionNode = FALSE
	EndGlobalSection
	GlobalSection(ExtensibilityGlobals) = postSolution
		SolutionGuid = {2EE40370-B55F-4D8C-9E8D-7657015DBF71}
	EndGlobalSection
EndGlobal
